
Microsoft Visual Studio Solution File, Format Version 12.00
# Visual Studio 15
VisualStudioVersion = 15.0.28307.1525
MinimumVisualStudioVersion = 10.0.40219.1
Project("{FAE04EC0-301F-11D3-BF4B-00C04F79EFBC}") = "Console_Calculator", "Console_Calculator\Console_Calculator.csproj", "{1C3F4C8E-C601-4FCE-8998-565B92C1C334}"
EndProject
Project("{FAE04EC0-301F-11D3-BF4B-00C04F79EFBC}") = "Console_Calculator.Test.Unit", "Console_Calculator.Test.Unit\Console_Calculator.Test.Unit.csproj", "{218BB0F8-CAF9-4EC3-83D0-ECB99D4620E9}"
EndProject
Global
	GlobalSection(SolutionConfigurationPlatforms) = preSolution
		Debug|Any CPU = Debug|Any CPU
		Release|Any CPU = Release|Any CPU
	EndGlobalSection
	GlobalSection(ProjectConfigurationPlatforms) = postSolution
		{1C3F4C8E-C601-4FCE-8998-565B92C1C334}.Debug|Any CPU.ActiveCfg = Debug|Any CPU
		{1C3F4C8E-C601-4FCE-8998-565B92C1C334}.Debug|Any CPU.Build.0 = Debug|Any CPU
		{1C3F4C8E-C601-4FCE-8998-565B92C1C334}.Release|Any CPU.ActiveCfg = Release|Any CPU
		{1C3F4C8E-C601-4FCE-8998-565B92C1C334}.Release|Any CPU.Build.0 = Release|Any CPU
		{218BB0F8-CAF9-4EC3-83D0-ECB99D4620E9}.Debug|Any CPU.ActiveCfg = Debug|Any CPU
		{218BB0F8-CAF9-4EC3-83D0-ECB99D4620E9}.Debug|Any CPU.Build.0 = Debug|Any CPU
		{218BB0F8-CAF9-4EC3-83D0-ECB99D4620E9}.Release|Any CPU.ActiveCfg = Release|Any CPU
		{218BB0F8-CAF9-4EC3-83D0-ECB99D4620E9}.Release|Any CPU.Build.0 = Release|Any CPU
	EndGlobalSection
	GlobalSection(SolutionProperties) = preSolution
		HideSolutionNode = FALSE
	EndGlobalSection
	GlobalSection(ExtensibilityGlobals) = postSolution
		SolutionGuid = {A2815F18-B5C7-4711-B9E5-A41CEFD7C276}
	EndGlobalSection
EndGlobal
